
Microsoft Visual Studio Solution File, Format Version 12.00
# Visual Studio Version 17
VisualStudioVersion = 17.9.34723.18
MinimumVisualStudioVersion = 10.0.40219.1
Project("{9A19103F-16F7-4668-BE54-9A1E7A4F7556}") = "OrderAPI", "OrderAPI\OrderAPI.csproj", "{7C3A19C3-30F9-4811-B214-CB334CF7EDD2}"
EndProject
Project("{9A19103F-16F7-4668-BE54-9A1E7A4F7556}") = "LoggingService", "packages\LoggingService\LoggingService.csproj", "{663BBE60-7076-4771-A8E0-A55FB39E099A}"
EndProject
Global
	GlobalSection(SolutionConfigurationPlatforms) = preSolution
		Debug|Any CPU = Debug|Any CPU
		Release|Any CPU = Release|Any CPU
	EndGlobalSection
	GlobalSection(ProjectConfigurationPlatforms) = postSolution
		{7C3A19C3-30F9-4811-B214-CB334CF7EDD2}.Debug|Any CPU.ActiveCfg = Debug|Any CPU
		{7C3A19C3-30F9-4811-B214-CB334CF7EDD2}.Debug|Any CPU.Build.0 = Debug|Any CPU
		{7C3A19C3-30F9-4811-B214-CB334CF7EDD2}.Release|Any CPU.ActiveCfg = Release|Any CPU
		{7C3A19C3-30F9-4811-B214-CB334CF7EDD2}.Release|Any CPU.Build.0 = Release|Any CPU
		{663BBE60-7076-4771-A8E0-A55FB39E099A}.Debug|Any CPU.ActiveCfg = Debug|Any CPU
		{663BBE60-7076-4771-A8E0-A55FB39E099A}.Debug|Any CPU.Build.0 = Debug|Any CPU
		{663BBE60-7076-4771-A8E0-A55FB39E099A}.Release|Any CPU.ActiveCfg = Release|Any CPU
		{663BBE60-7076-4771-A8E0-A55FB39E099A}.Release|Any CPU.Build.0 = Release|Any CPU
	EndGlobalSection
	GlobalSection(SolutionProperties) = preSolution
		HideSolutionNode = FALSE
	EndGlobalSection
	GlobalSection(ExtensibilityGlobals) = postSolution
		SolutionGuid = {04CAD979-FFFD-4BAB-95E1-F4A8F6F9AFAE}
	EndGlobalSection
EndGlobal
