
Microsoft Visual Studio Solution File, Format Version 12.00
# Visual Studio Version 17
VisualStudioVersion = 17.9.34723.18
MinimumVisualStudioVersion = 10.0.40219.1
Project("{9A19103F-16F7-4668-BE54-9A1E7A4F7556}") = "LoggingService", "packages\LoggingService\LoggingService.csproj", "{7F2EACBE-1E46-4D31-9F21-FEB918279A4B}"
EndProject
Project("{9A19103F-16F7-4668-BE54-9A1E7A4F7556}") = "TracingService", "packages\TracingService\TracingService.csproj", "{5077858C-2986-4969-98B8-92EDB5B50C04}"
EndProject
Project("{2150E333-8FDC-42A3-9474-1A3956D46DE8}") = "packages", "packages", "{C504A936-0C52-438B-9070-6AAF4D088290}"
EndProject
Project("{2150E333-8FDC-42A3-9474-1A3956D46DE8}") = "projects", "projects", "{6736C4F1-AA82-4BDB-980B-1C12C57ABD80}"
EndProject
Project("{9A19103F-16F7-4668-BE54-9A1E7A4F7556}") = "Domain", "Domain\Domain.csproj", "{A3028019-CC70-4523-AB84-BD17AE4C9C00}"
EndProject
Project("{9A19103F-16F7-4668-BE54-9A1E7A4F7556}") = "ProductService", "projects\Product\ProductService\ProductService.csproj", "{3545DF7B-6B43-4DE4-B3A6-5F3D81F6C9B8}"
EndProject
Project("{2150E333-8FDC-42A3-9474-1A3956D46DE8}") = "product", "product", "{17F1735C-02B7-4E55-9CE8-2A784DA4713A}"
EndProject
Project("{9A19103F-16F7-4668-BE54-9A1E7A4F7556}") = "ProductInfrastructure", "projects\Product\ProductInfrastructure\ProductInfrastructure.csproj", "{8EDEA839-0EE1-42C9-B8A8-0DE90317A712}"
EndProject
Project("{9A19103F-16F7-4668-BE54-9A1E7A4F7556}") = "ProductApplication", "projects\Product\ProductApplication\ProductApplication.csproj", "{A9DD31B1-3318-4DDD-98FB-CB7A02724339}"
EndProject
Project("{9A19103F-16F7-4668-BE54-9A1E7A4F7556}") = "VaultService", "packages\VaultService\VaultService.csproj", "{A5A07586-5F21-4371-B2BD-7F96ED2E7870}"
EndProject
Project("{9A19103F-16F7-4668-BE54-9A1E7A4F7556}") = "CategoryApplication", "projects\Category\CategoryApplication\CategoryApplication.csproj", "{C8ECC343-0922-4A92-BB11-D4DC9E71F3EA}"
EndProject
Project("{9A19103F-16F7-4668-BE54-9A1E7A4F7556}") = "CategoryInfrastructure", "projects\Category\CategoryInfrastructure\CategoryInfrastructure.csproj", "{329CF4CB-57EF-4A66-9CE2-5368D8D38B83}"
EndProject
Project("{9A19103F-16F7-4668-BE54-9A1E7A4F7556}") = "CategoryService", "projects\Category\CategoryService\CategoryService.csproj", "{CBB72C31-45EE-4B68-84F7-9E472AD89611}"
EndProject
Project("{2150E333-8FDC-42A3-9474-1A3956D46DE8}") = "category", "category", "{3BA33F9A-F545-44AB-93F2-43E9CB9E3563}"
EndProject
Project("{9A19103F-16F7-4668-BE54-9A1E7A4F7556}") = "OrderApplication", "projects\Order\OrderApplication\OrderApplication.csproj", "{2A2C7EBC-3A9C-4D71-BD0C-AA922DBAC161}"
EndProject
Project("{9A19103F-16F7-4668-BE54-9A1E7A4F7556}") = "OrderInfrastructure", "projects\Order\OrderInfrastructure\OrderInfrastructure.csproj", "{371D0CFD-B6B6-4B8A-9156-9721293D0E62}"
EndProject
Project("{9A19103F-16F7-4668-BE54-9A1E7A4F7556}") = "OrderService", "projects\Order\OrderService\OrderService.csproj", "{D9625461-1B4C-42C2-A075-5B3F4C7993AD}"
EndProject
Project("{2150E333-8FDC-42A3-9474-1A3956D46DE8}") = "order", "order", "{D6AF97AE-B31D-498E-9441-5C806A95E2F8}"
EndProject
Project("{2150E333-8FDC-42A3-9474-1A3956D46DE8}") = "user", "user", "{25F5FE25-ADEB-4816-856A-742AE694A1A5}"
EndProject
Project("{9A19103F-16F7-4668-BE54-9A1E7A4F7556}") = "UserService", "projects\User\UserService\UserService.csproj", "{ACB8FCC7-2CD6-413D-A6DC-6AF234E9E274}"
EndProject
Project("{9A19103F-16F7-4668-BE54-9A1E7A4F7556}") = "UserInfrastructure", "projects\User\UserInfrastructure\UserInfrastructure.csproj", "{A75356FA-9D38-4E65-AC2A-0CEFB11173C5}"
EndProject
Project("{9A19103F-16F7-4668-BE54-9A1E7A4F7556}") = "UserApplication", "projects\User\UserApplication\UserApplication.csproj", "{402B724E-DE26-46BC-AE3E-F523B1C2EC20}"
EndProject
Project("{9A19103F-16F7-4668-BE54-9A1E7A4F7556}") = "Test", "Test\Test.csproj", "{335881D1-89BA-41E3-BBAA-ADF0F63262CF}"
EndProject
Project("{9A19103F-16F7-4668-BE54-9A1E7A4F7556}") = "OcelotGateway", "packages\OcelotGateway\OcelotGateway.csproj", "{3F360DB7-4F2B-44BD-94F5-3F4A2F72B2E9}"
EndProject
Global
	GlobalSection(SolutionConfigurationPlatforms) = preSolution
		Debug|Any CPU = Debug|Any CPU
		Release|Any CPU = Release|Any CPU
	EndGlobalSection
	GlobalSection(ProjectConfigurationPlatforms) = postSolution
		{7F2EACBE-1E46-4D31-9F21-FEB918279A4B}.Debug|Any CPU.ActiveCfg = Debug|Any CPU
		{7F2EACBE-1E46-4D31-9F21-FEB918279A4B}.Debug|Any CPU.Build.0 = Debug|Any CPU
		{7F2EACBE-1E46-4D31-9F21-FEB918279A4B}.Release|Any CPU.ActiveCfg = Release|Any CPU
		{7F2EACBE-1E46-4D31-9F21-FEB918279A4B}.Release|Any CPU.Build.0 = Release|Any CPU
		{5077858C-2986-4969-98B8-92EDB5B50C04}.Debug|Any CPU.ActiveCfg = Debug|Any CPU
		{5077858C-2986-4969-98B8-92EDB5B50C04}.Debug|Any CPU.Build.0 = Debug|Any CPU
		{5077858C-2986-4969-98B8-92EDB5B50C04}.Release|Any CPU.ActiveCfg = Release|Any CPU
		{5077858C-2986-4969-98B8-92EDB5B50C04}.Release|Any CPU.Build.0 = Release|Any CPU
		{A3028019-CC70-4523-AB84-BD17AE4C9C00}.Debug|Any CPU.ActiveCfg = Debug|Any CPU
		{A3028019-CC70-4523-AB84-BD17AE4C9C00}.Debug|Any CPU.Build.0 = Debug|Any CPU
		{A3028019-CC70-4523-AB84-BD17AE4C9C00}.Release|Any CPU.ActiveCfg = Release|Any CPU
		{A3028019-CC70-4523-AB84-BD17AE4C9C00}.Release|Any CPU.Build.0 = Release|Any CPU
		{3545DF7B-6B43-4DE4-B3A6-5F3D81F6C9B8}.Debug|Any CPU.ActiveCfg = Debug|Any CPU
		{3545DF7B-6B43-4DE4-B3A6-5F3D81F6C9B8}.Debug|Any CPU.Build.0 = Debug|Any CPU
		{3545DF7B-6B43-4DE4-B3A6-5F3D81F6C9B8}.Release|Any CPU.ActiveCfg = Release|Any CPU
		{3545DF7B-6B43-4DE4-B3A6-5F3D81F6C9B8}.Release|Any CPU.Build.0 = Release|Any CPU
		{8EDEA839-0EE1-42C9-B8A8-0DE90317A712}.Debug|Any CPU.ActiveCfg = Debug|Any CPU
		{8EDEA839-0EE1-42C9-B8A8-0DE90317A712}.Debug|Any CPU.Build.0 = Debug|Any CPU
		{8EDEA839-0EE1-42C9-B8A8-0DE90317A712}.Release|Any CPU.ActiveCfg = Release|Any CPU
		{8EDEA839-0EE1-42C9-B8A8-0DE90317A712}.Release|Any CPU.Build.0 = Release|Any CPU
		{A9DD31B1-3318-4DDD-98FB-CB7A02724339}.Debug|Any CPU.ActiveCfg = Debug|Any CPU
		{A9DD31B1-3318-4DDD-98FB-CB7A02724339}.Debug|Any CPU.Build.0 = Debug|Any CPU
		{A9DD31B1-3318-4DDD-98FB-CB7A02724339}.Release|Any CPU.ActiveCfg = Release|Any CPU
		{A9DD31B1-3318-4DDD-98FB-CB7A02724339}.Release|Any CPU.Build.0 = Release|Any CPU
		{A5A07586-5F21-4371-B2BD-7F96ED2E7870}.Debug|Any CPU.ActiveCfg = Debug|Any CPU
		{A5A07586-5F21-4371-B2BD-7F96ED2E7870}.Debug|Any CPU.Build.0 = Debug|Any CPU
		{A5A07586-5F21-4371-B2BD-7F96ED2E7870}.Release|Any CPU.ActiveCfg = Release|Any CPU
		{A5A07586-5F21-4371-B2BD-7F96ED2E7870}.Release|Any CPU.Build.0 = Release|Any CPU
		{C8ECC343-0922-4A92-BB11-D4DC9E71F3EA}.Debug|Any CPU.ActiveCfg = Debug|Any CPU
		{C8ECC343-0922-4A92-BB11-D4DC9E71F3EA}.Debug|Any CPU.Build.0 = Debug|Any CPU
		{C8ECC343-0922-4A92-BB11-D4DC9E71F3EA}.Release|Any CPU.ActiveCfg = Release|Any CPU
		{C8ECC343-0922-4A92-BB11-D4DC9E71F3EA}.Release|Any CPU.Build.0 = Release|Any CPU
		{329CF4CB-57EF-4A66-9CE2-5368D8D38B83}.Debug|Any CPU.ActiveCfg = Debug|Any CPU
		{329CF4CB-57EF-4A66-9CE2-5368D8D38B83}.Debug|Any CPU.Build.0 = Debug|Any CPU
		{329CF4CB-57EF-4A66-9CE2-5368D8D38B83}.Release|Any CPU.ActiveCfg = Release|Any CPU
		{329CF4CB-57EF-4A66-9CE2-5368D8D38B83}.Release|Any CPU.Build.0 = Release|Any CPU
		{CBB72C31-45EE-4B68-84F7-9E472AD89611}.Debug|Any CPU.ActiveCfg = Debug|Any CPU
		{CBB72C31-45EE-4B68-84F7-9E472AD89611}.Debug|Any CPU.Build.0 = Debug|Any CPU
		{CBB72C31-45EE-4B68-84F7-9E472AD89611}.Release|Any CPU.ActiveCfg = Release|Any CPU
		{CBB72C31-45EE-4B68-84F7-9E472AD89611}.Release|Any CPU.Build.0 = Release|Any CPU
		{2A2C7EBC-3A9C-4D71-BD0C-AA922DBAC161}.Debug|Any CPU.ActiveCfg = Debug|Any CPU
		{2A2C7EBC-3A9C-4D71-BD0C-AA922DBAC161}.Debug|Any CPU.Build.0 = Debug|Any CPU
		{2A2C7EBC-3A9C-4D71-BD0C-AA922DBAC161}.Release|Any CPU.ActiveCfg = Release|Any CPU
		{2A2C7EBC-3A9C-4D71-BD0C-AA922DBAC161}.Release|Any CPU.Build.0 = Release|Any CPU
		{371D0CFD-B6B6-4B8A-9156-9721293D0E62}.Debug|Any CPU.ActiveCfg = Debug|Any CPU
		{371D0CFD-B6B6-4B8A-9156-9721293D0E62}.Debug|Any CPU.Build.0 = Debug|Any CPU
		{371D0CFD-B6B6-4B8A-9156-9721293D0E62}.Release|Any CPU.ActiveCfg = Release|Any CPU
		{371D0CFD-B6B6-4B8A-9156-9721293D0E62}.Release|Any CPU.Build.0 = Release|Any CPU
		{D9625461-1B4C-42C2-A075-5B3F4C7993AD}.Debug|Any CPU.ActiveCfg = Debug|Any CPU
		{D9625461-1B4C-42C2-A075-5B3F4C7993AD}.Debug|Any CPU.Build.0 = Debug|Any CPU
		{D9625461-1B4C-42C2-A075-5B3F4C7993AD}.Release|Any CPU.ActiveCfg = Release|Any CPU
		{D9625461-1B4C-42C2-A075-5B3F4C7993AD}.Release|Any CPU.Build.0 = Release|Any CPU
		{ACB8FCC7-2CD6-413D-A6DC-6AF234E9E274}.Debug|Any CPU.ActiveCfg = Debug|Any CPU
		{ACB8FCC7-2CD6-413D-A6DC-6AF234E9E274}.Debug|Any CPU.Build.0 = Debug|Any CPU
		{ACB8FCC7-2CD6-413D-A6DC-6AF234E9E274}.Release|Any CPU.ActiveCfg = Release|Any CPU
		{ACB8FCC7-2CD6-413D-A6DC-6AF234E9E274}.Release|Any CPU.Build.0 = Release|Any CPU
		{A75356FA-9D38-4E65-AC2A-0CEFB11173C5}.Debug|Any CPU.ActiveCfg = Debug|Any CPU
		{A75356FA-9D38-4E65-AC2A-0CEFB11173C5}.Debug|Any CPU.Build.0 = Debug|Any CPU
		{A75356FA-9D38-4E65-AC2A-0CEFB11173C5}.Release|Any CPU.ActiveCfg = Release|Any CPU
		{A75356FA-9D38-4E65-AC2A-0CEFB11173C5}.Release|Any CPU.Build.0 = Release|Any CPU
		{402B724E-DE26-46BC-AE3E-F523B1C2EC20}.Debug|Any CPU.ActiveCfg = Debug|Any CPU
		{402B724E-DE26-46BC-AE3E-F523B1C2EC20}.Debug|Any CPU.Build.0 = Debug|Any CPU
		{402B724E-DE26-46BC-AE3E-F523B1C2EC20}.Release|Any CPU.ActiveCfg = Release|Any CPU
		{402B724E-DE26-46BC-AE3E-F523B1C2EC20}.Release|Any CPU.Build.0 = Release|Any CPU
		{335881D1-89BA-41E3-BBAA-ADF0F63262CF}.Debug|Any CPU.ActiveCfg = Debug|Any CPU
		{335881D1-89BA-41E3-BBAA-ADF0F63262CF}.Debug|Any CPU.Build.0 = Debug|Any CPU
		{335881D1-89BA-41E3-BBAA-ADF0F63262CF}.Release|Any CPU.ActiveCfg = Release|Any CPU
		{335881D1-89BA-41E3-BBAA-ADF0F63262CF}.Release|Any CPU.Build.0 = Release|Any CPU
		{3F360DB7-4F2B-44BD-94F5-3F4A2F72B2E9}.Debug|Any CPU.ActiveCfg = Debug|Any CPU
		{3F360DB7-4F2B-44BD-94F5-3F4A2F72B2E9}.Debug|Any CPU.Build.0 = Debug|Any CPU
		{3F360DB7-4F2B-44BD-94F5-3F4A2F72B2E9}.Release|Any CPU.ActiveCfg = Release|Any CPU
		{3F360DB7-4F2B-44BD-94F5-3F4A2F72B2E9}.Release|Any CPU.Build.0 = Release|Any CPU
	EndGlobalSection
	GlobalSection(SolutionProperties) = preSolution
		HideSolutionNode = FALSE
	EndGlobalSection
	GlobalSection(NestedProjects) = preSolution
		{7F2EACBE-1E46-4D31-9F21-FEB918279A4B} = {C504A936-0C52-438B-9070-6AAF4D088290}
		{5077858C-2986-4969-98B8-92EDB5B50C04} = {C504A936-0C52-438B-9070-6AAF4D088290}
		{3545DF7B-6B43-4DE4-B3A6-5F3D81F6C9B8} = {17F1735C-02B7-4E55-9CE8-2A784DA4713A}
		{17F1735C-02B7-4E55-9CE8-2A784DA4713A} = {6736C4F1-AA82-4BDB-980B-1C12C57ABD80}
		{8EDEA839-0EE1-42C9-B8A8-0DE90317A712} = {17F1735C-02B7-4E55-9CE8-2A784DA4713A}
		{A9DD31B1-3318-4DDD-98FB-CB7A02724339} = {17F1735C-02B7-4E55-9CE8-2A784DA4713A}
		{A5A07586-5F21-4371-B2BD-7F96ED2E7870} = {C504A936-0C52-438B-9070-6AAF4D088290}
		{C8ECC343-0922-4A92-BB11-D4DC9E71F3EA} = {3BA33F9A-F545-44AB-93F2-43E9CB9E3563}
		{329CF4CB-57EF-4A66-9CE2-5368D8D38B83} = {3BA33F9A-F545-44AB-93F2-43E9CB9E3563}
		{CBB72C31-45EE-4B68-84F7-9E472AD89611} = {3BA33F9A-F545-44AB-93F2-43E9CB9E3563}
		{3BA33F9A-F545-44AB-93F2-43E9CB9E3563} = {6736C4F1-AA82-4BDB-980B-1C12C57ABD80}
		{2A2C7EBC-3A9C-4D71-BD0C-AA922DBAC161} = {D6AF97AE-B31D-498E-9441-5C806A95E2F8}
		{371D0CFD-B6B6-4B8A-9156-9721293D0E62} = {D6AF97AE-B31D-498E-9441-5C806A95E2F8}
		{D9625461-1B4C-42C2-A075-5B3F4C7993AD} = {D6AF97AE-B31D-498E-9441-5C806A95E2F8}
		{D6AF97AE-B31D-498E-9441-5C806A95E2F8} = {6736C4F1-AA82-4BDB-980B-1C12C57ABD80}
		{25F5FE25-ADEB-4816-856A-742AE694A1A5} = {6736C4F1-AA82-4BDB-980B-1C12C57ABD80}
		{ACB8FCC7-2CD6-413D-A6DC-6AF234E9E274} = {25F5FE25-ADEB-4816-856A-742AE694A1A5}
		{A75356FA-9D38-4E65-AC2A-0CEFB11173C5} = {25F5FE25-ADEB-4816-856A-742AE694A1A5}
		{402B724E-DE26-46BC-AE3E-F523B1C2EC20} = {25F5FE25-ADEB-4816-856A-742AE694A1A5}
		{3F360DB7-4F2B-44BD-94F5-3F4A2F72B2E9} = {C504A936-0C52-438B-9070-6AAF4D088290}
	EndGlobalSection
	GlobalSection(ExtensibilityGlobals) = postSolution
		SolutionGuid = {04CAD979-FFFD-4BAB-95E1-F4A8F6F9AFAE}
	EndGlobalSection
EndGlobal
